
Microsoft Visual Studio Solution File, Format Version 12.00
# Visual Studio Version 17
VisualStudioVersion = 17.0.31903.59
MinimumVisualStudioVersion = 10.0.40219.1
Project("{FAE04EC0-301F-11D3-BF4B-00C04F79EFBC}") = "Web", "Web\Web.csproj", "{E01074FF-4CC0-43EF-9677-4560A4958300}"
EndProject
Project("{FAE04EC0-301F-11D3-BF4B-00C04F79EFBC}") = "DataAccess", "DataAccess\DataAccess.csproj", "{2790ECA1-A1A4-4EF3-8194-450202A4EFD0}"
EndProject
Project("{FAE04EC0-301F-11D3-BF4B-00C04F79EFBC}") = "Models", "Models\Models.csproj", "{D77008AF-90FC-45CC-84BC-673F50892DB1}"
EndProject
Project("{FAE04EC0-301F-11D3-BF4B-00C04F79EFBC}") = "Utility", "Utility\Utility.csproj", "{A079F47E-2E14-4A2A-948F-1ED7075940BF}"
EndProject
Global
	GlobalSection(SolutionConfigurationPlatforms) = preSolution
		Debug|Any CPU = Debug|Any CPU
		Release|Any CPU = Release|Any CPU
	EndGlobalSection
	GlobalSection(SolutionProperties) = preSolution
		HideSolutionNode = FALSE
	EndGlobalSection
	GlobalSection(ProjectConfigurationPlatforms) = postSolution
		{E01074FF-4CC0-43EF-9677-4560A4958300}.Debug|Any CPU.ActiveCfg = Debug|Any CPU
		{E01074FF-4CC0-43EF-9677-4560A4958300}.Debug|Any CPU.Build.0 = Debug|Any CPU
		{E01074FF-4CC0-43EF-9677-4560A4958300}.Release|Any CPU.ActiveCfg = Release|Any CPU
		{E01074FF-4CC0-43EF-9677-4560A4958300}.Release|Any CPU.Build.0 = Release|Any CPU
		{2790ECA1-A1A4-4EF3-8194-450202A4EFD0}.Debug|Any CPU.ActiveCfg = Debug|Any CPU
		{2790ECA1-A1A4-4EF3-8194-450202A4EFD0}.Debug|Any CPU.Build.0 = Debug|Any CPU
		{2790ECA1-A1A4-4EF3-8194-450202A4EFD0}.Release|Any CPU.ActiveCfg = Release|Any CPU
		{2790ECA1-A1A4-4EF3-8194-450202A4EFD0}.Release|Any CPU.Build.0 = Release|Any CPU
		{D77008AF-90FC-45CC-84BC-673F50892DB1}.Debug|Any CPU.ActiveCfg = Debug|Any CPU
		{D77008AF-90FC-45CC-84BC-673F50892DB1}.Debug|Any CPU.Build.0 = Debug|Any CPU
		{D77008AF-90FC-45CC-84BC-673F50892DB1}.Release|Any CPU.ActiveCfg = Release|Any CPU
		{D77008AF-90FC-45CC-84BC-673F50892DB1}.Release|Any CPU.Build.0 = Release|Any CPU
		{A079F47E-2E14-4A2A-948F-1ED7075940BF}.Debug|Any CPU.ActiveCfg = Debug|Any CPU
		{A079F47E-2E14-4A2A-948F-1ED7075940BF}.Debug|Any CPU.Build.0 = Debug|Any CPU
		{A079F47E-2E14-4A2A-948F-1ED7075940BF}.Release|Any CPU.ActiveCfg = Release|Any CPU
		{A079F47E-2E14-4A2A-948F-1ED7075940BF}.Release|Any CPU.Build.0 = Release|Any CPU
	EndGlobalSection
EndGlobal
